// !$*UTF8*$!
{
	archiveVersion = 1;
	classes = {
	};
	objectVersion = 77;
	objects = {

/* Begin PBXBuildFile section */
		2FB90AC22D8AA175000CADFA /* randomUsers.json in Resources */ = {isa = PBXBuildFile; fileRef = 2FB90AC12D8AA175000CADFA /* randomUsers.json */; };
/* End PBXBuildFile section */

/* Begin PBXContainerItemProxy section */
		2F8FA4752D8948430086DC0D /* PBXContainerItemProxy */ = {
			isa = PBXContainerItemProxy;
			containerPortal = 2F8FA45C2D8948420086DC0D /* Project object */;
			proxyType = 1;
			remoteGlobalIDString = 2F8FA4632D8948420086DC0D;
			remoteInfo = RandomUser;
		};
		2F8FA47F2D8948430086DC0D /* PBXContainerItemProxy */ = {
			isa = PBXContainerItemProxy;
			containerPortal = 2F8FA45C2D8948420086DC0D /* Project object */;
			proxyType = 1;
			remoteGlobalIDString = 2F8FA4632D8948420086DC0D;
			remoteInfo = RandomUser;
		};
/* End PBXContainerItemProxy section */

/* Begin PBXFileReference section */
		2F8FA4642D8948420086DC0D /* RandomUser.app */ = {isa = PBXFileReference; explicitFileType = wrapper.application; includeInIndex = 0; path = RandomUser.app; sourceTree = BUILT_PRODUCTS_DIR; };
		2F8FA4742D8948430086DC0D /* RandomUserTests.xctest */ = {isa = PBXFileReference; explicitFileType = wrapper.cfbundle; includeInIndex = 0; path = RandomUserTests.xctest; sourceTree = BUILT_PRODUCTS_DIR; };
		2F8FA47E2D8948430086DC0D /* RandomUserUITests.xctest */ = {isa = PBXFileReference; explicitFileType = wrapper.cfbundle; includeInIndex = 0; path = RandomUserUITests.xctest; sourceTree = BUILT_PRODUCTS_DIR; };
		2FB90AC12D8AA175000CADFA /* randomUsers.json */ = {isa = PBXFileReference; lastKnownFileType = text.json; path = randomUsers.json; sourceTree = "<group>"; };
/* End PBXFileReference section */

/* Begin PBXFileSystemSynchronizedRootGroup section */
		2F8FA4662D8948420086DC0D /* RandomUser */ = {
			isa = PBXFileSystemSynchronizedRootGroup;
			path = RandomUser;
			sourceTree = "<group>";
		};
		2F8FA4772D8948430086DC0D /* RandomUserTests */ = {
			isa = PBXFileSystemSynchronizedRootGroup;
			path = RandomUserTests;
			sourceTree = "<group>";
		};
		2F8FA4812D8948430086DC0D /* RandomUserUITests */ = {
			isa = PBXFileSystemSynchronizedRootGroup;
			path = RandomUserUITests;
			sourceTree = "<group>";
		};
/* End PBXFileSystemSynchronizedRootGroup section */

/* Begin PBXFrameworksBuildPhase section */
		2F8FA4612D8948420086DC0D /* Frameworks */ = {
			isa = PBXFrameworksBuildPhase;
			buildActionMask = 2147483647;
			files = (
			);
			runOnlyForDeploymentPostprocessing = 0;
		};
		2F8FA4712D8948430086DC0D /* Frameworks */ = {
			isa = PBXFrameworksBuildPhase;
			buildActionMask = 2147483647;
			files = (
			);
			runOnlyForDeploymentPostprocessing = 0;
		};
		2F8FA47B2D8948430086DC0D /* Frameworks */ = {
			isa = PBXFrameworksBuildPhase;
			buildActionMask = 2147483647;
			files = (
			);
			runOnlyForDeploymentPostprocessing = 0;
		};
/* End PBXFrameworksBuildPhase section */

/* Begin PBXGroup section */
		2F8FA45B2D8948420086DC0D = {
			isa = PBXGroup;
			children = (
				2FB90AC12D8AA175000CADFA /* randomUsers.json */,
				2F8FA4662D8948420086DC0D /* RandomUser */,
				2F8FA4772D8948430086DC0D /* RandomUserTests */,
				2F8FA4812D8948430086DC0D /* RandomUserUITests */,
				2F8FA4652D8948420086DC0D /* Products */,
			);
			sourceTree = "<group>";
		};
		2F8FA4652D8948420086DC0D /* Products */ = {
			isa = PBXGroup;
			children = (
				2F8FA4642D8948420086DC0D /* RandomUser.app */,
				2F8FA4742D8948430086DC0D /* RandomUserTests.xctest */,
				2F8FA47E2D8948430086DC0D /* RandomUserUITests.xctest */,
			);
			name = Products;
			sourceTree = "<group>";
		};
/* End PBXGroup section */

/* Begin PBXNativeTarget section */
		2F8FA4632D8948420086DC0D /* RandomUser */ = {
			isa = PBXNativeTarget;
			buildConfigurationList = 2F8FA4882D8948430086DC0D /* Build configuration list for PBXNativeTarget "RandomUser" */;
			buildPhases = (
				2F8FA4602D8948420086DC0D /* Sources */,
				2F8FA4612D8948420086DC0D /* Frameworks */,
				2F8FA4622D8948420086DC0D /* Resources */,
			);
			buildRules = (
			);
			dependencies = (
			);
			fileSystemSynchronizedGroups = (
				2F8FA4662D8948420086DC0D /* RandomUser */,
			);
			name = RandomUser;
			packageProductDependencies = (
			);
			productName = RandomUser;
			productReference = 2F8FA4642D8948420086DC0D /* RandomUser.app */;
			productType = "com.apple.product-type.application";
		};
		2F8FA4732D8948430086DC0D /* RandomUserTests */ = {
			isa = PBXNativeTarget;
			buildConfigurationList = 2F8FA48B2D8948430086DC0D /* Build configuration list for PBXNativeTarget "RandomUserTests" */;
			buildPhases = (
				2F8FA4702D8948430086DC0D /* Sources */,
				2F8FA4712D8948430086DC0D /* Frameworks */,
				2F8FA4722D8948430086DC0D /* Resources */,
			);
			buildRules = (
			);
			dependencies = (
				2F8FA4762D8948430086DC0D /* PBXTargetDependency */,
			);
			fileSystemSynchronizedGroups = (
				2F8FA4772D8948430086DC0D /* RandomUserTests */,
			);
			name = RandomUserTests;
			packageProductDependencies = (
			);
			productName = RandomUserTests;
			productReference = 2F8FA4742D8948430086DC0D /* RandomUserTests.xctest */;
			productType = "com.apple.product-type.bundle.unit-test";
		};
		2F8FA47D2D8948430086DC0D /* RandomUserUITests */ = {
			isa = PBXNativeTarget;
			buildConfigurationList = 2F8FA48E2D8948430086DC0D /* Build configuration list for PBXNativeTarget "RandomUserUITests" */;
			buildPhases = (
				2F8FA47A2D8948430086DC0D /* Sources */,
				2F8FA47B2D8948430086DC0D /* Frameworks */,
				2F8FA47C2D8948430086DC0D /* Resources */,
			);
			buildRules = (
			);
			dependencies = (
				2F8FA4802D8948430086DC0D /* PBXTargetDependency */,
			);
			fileSystemSynchronizedGroups = (
				2F8FA4812D8948430086DC0D /* RandomUserUITests */,
			);
			name = RandomUserUITests;
			packageProductDependencies = (
			);
			productName = RandomUserUITests;
			productReference = 2F8FA47E2D8948430086DC0D /* RandomUserUITests.xctest */;
			productType = "com.apple.product-type.bundle.ui-testing";
		};
/* End PBXNativeTarget section */

/* Begin PBXProject section */
		2F8FA45C2D8948420086DC0D /* Project object */ = {
			isa = PBXProject;
			attributes = {
				BuildIndependentTargetsInParallel = 1;
				LastSwiftUpdateCheck = 1620;
				LastUpgradeCheck = 1620;
				TargetAttributes = {
					2F8FA4632D8948420086DC0D = {
						CreatedOnToolsVersion = 16.2;
					};
					2F8FA4732D8948430086DC0D = {
						CreatedOnToolsVersion = 16.2;
						TestTargetID = 2F8FA4632D8948420086DC0D;
					};
					2F8FA47D2D8948430086DC0D = {
						CreatedOnToolsVersion = 16.2;
						TestTargetID = 2F8FA4632D8948420086DC0D;
					};
				};
			};
			buildConfigurationList = 2F8FA45F2D8948420086DC0D /* Build configuration list for PBXProject "RandomUser" */;
			developmentRegion = en;
			hasScannedForEncodings = 0;
			knownRegions = (
				en,
				Base,
			);
			mainGroup = 2F8FA45B2D8948420086DC0D;
			minimizedProjectReferenceProxies = 1;
			preferredProjectObjectVersion = 77;
			productRefGroup = 2F8FA4652D8948420086DC0D /* Products */;
			projectDirPath = "";
			projectRoot = "";
			targets = (
				2F8FA4632D8948420086DC0D /* RandomUser */,
				2F8FA4732D8948430086DC0D /* RandomUserTests */,
				2F8FA47D2D8948430086DC0D /* RandomUserUITests */,
			);
		};
/* End PBXProject section */

/* Begin PBXResourcesBuildPhase section */
		2F8FA4622D8948420086DC0D /* Resources */ = {
			isa = PBXResourcesBuildPhase;
			buildActionMask = 2147483647;
			files = (
			);
			runOnlyForDeploymentPostprocessing = 0;
		};
		2F8FA4722D8948430086DC0D /* Resources */ = {
			isa = PBXResourcesBuildPhase;
			buildActionMask = 2147483647;
			files = (
			);
			runOnlyForDeploymentPostprocessing = 0;
		};
		2F8FA47C2D8948430086DC0D /* Resources */ = {
			isa = PBXResourcesBuildPhase;
			buildActionMask = 2147483647;
			files = (
				2FB90AC22D8AA175000CADFA /* randomUsers.json in Resources */,
			);
			runOnlyForDeploymentPostprocessing = 0;
		};
/* End PBXResourcesBuildPhase section */

/* Begin PBXSourcesBuildPhase section */
		2F8FA4602D8948420086DC0D /* Sources */ = {
			isa = PBXSourcesBuildPhase;
			buildActionMask = 2147483647;
			files = (
			);
			runOnlyForDeploymentPostprocessing = 0;
		};
		2F8FA4702D8948430086DC0D /* Sources */ = {
			isa = PBXSourcesBuildPhase;
			buildActionMask = 2147483647;
			files = (
			);
			runOnlyForDeploymentPostprocessing = 0;
		};
		2F8FA47A2D8948430086DC0D /* Sources */ = {
			isa = PBXSourcesBuildPhase;
			buildActionMask = 2147483647;
			files = (
			);
			runOnlyForDeploymentPostprocessing = 0;
		};
/* End PBXSourcesBuildPhase section */

/* Begin PBXTargetDependency section */
		2F8FA4762D8948430086DC0D /* PBXTargetDependency */ = {
			isa = PBXTargetDependency;
			target = 2F8FA4632D8948420086DC0D /* RandomUser */;
			targetProxy = 2F8FA4752D8948430086DC0D /* PBXContainerItemProxy */;
		};
		2F8FA4802D8948430086DC0D /* PBXTargetDependency */ = {
			isa = PBXTargetDependency;
			target = 2F8FA4632D8948420086DC0D /* RandomUser */;
			targetProxy = 2F8FA47F2D8948430086DC0D /* PBXContainerItemProxy */;
		};
/* End PBXTargetDependency section */

/* Begin XCBuildConfiguration section */
		2F8FA4862D8948430086DC0D /* Debug */ = {
			isa = XCBuildConfiguration;
			buildSettings = {
				ALWAYS_SEARCH_USER_PATHS = NO;
				ASSETCATALOG_COMPILER_GENERATE_SWIFT_ASSET_SYMBOL_EXTENSIONS = YES;
				CLANG_ANALYZER_NONNULL = YES;
				CLANG_ANALYZER_NUMBER_OBJECT_CONVERSION = YES_AGGRESSIVE;
				CLANG_CXX_LANGUAGE_STANDARD = "gnu++20";
				CLANG_ENABLE_MODULES = YES;
				CLANG_ENABLE_OBJC_ARC = YES;
				CLANG_ENABLE_OBJC_WEAK = YES;
				CLANG_WARN_BLOCK_CAPTURE_AUTORELEASING = YES;
				CLANG_WARN_BOOL_CONVERSION = YES;
				CLANG_WARN_COMMA = YES;
				CLANG_WARN_CONSTANT_CONVERSION = YES;
				CLANG_WARN_DEPRECATED_OBJC_IMPLEMENTATIONS = YES;
				CLANG_WARN_DIRECT_OBJC_ISA_USAGE = YES_ERROR;
				CLANG_WARN_DOCUMENTATION_COMMENTS = YES;
				CLANG_WARN_EMPTY_BODY = YES;
				CLANG_WARN_ENUM_CONVERSION = YES;
				CLANG_WARN_INFINITE_RECURSION = YES;
				CLANG_WARN_INT_CONVERSION = YES;
				CLANG_WARN_NON_LITERAL_NULL_CONVERSION = YES;
				CLANG_WARN_OBJC_IMPLICIT_RETAIN_SELF = YES;
				CLANG_WARN_OBJC_LITERAL_CONVERSION = YES;
				CLANG_WARN_OBJC_ROOT_CLASS = YES_ERROR;
				CLANG_WARN_QUOTED_INCLUDE_IN_FRAMEWORK_HEADER = YES;
				CLANG_WARN_RANGE_LOOP_ANALYSIS = YES;
				CLANG_WARN_STRICT_PROTOTYPES = YES;
				CLANG_WARN_SUSPICIOUS_MOVE = YES;
				CLANG_WARN_UNGUARDED_AVAILABILITY = YES_AGGRESSIVE;
				CLANG_WARN_UNREACHABLE_CODE = YES;
				CLANG_WARN__DUPLICATE_METHOD_MATCH = YES;
				COPY_PHASE_STRIP = NO;
				DEBUG_INFORMATION_FORMAT = dwarf;
				ENABLE_STRICT_OBJC_MSGSEND = YES;
				ENABLE_TESTABILITY = YES;
				ENABLE_USER_SCRIPT_SANDBOXING = YES;
				GCC_C_LANGUAGE_STANDARD = gnu17;
				GCC_DYNAMIC_NO_PIC = NO;
				GCC_NO_COMMON_BLOCKS = YES;
				GCC_OPTIMIZATION_LEVEL = 0;
				GCC_PREPROCESSOR_DEFINITIONS = (
					"DEBUG=1",
					"$(inherited)",
				);
				GCC_WARN_64_TO_32_BIT_CONVERSION = YES;
				GCC_WARN_ABOUT_RETURN_TYPE = YES_ERROR;
				GCC_WARN_UNDECLARED_SELECTOR = YES;
				GCC_WARN_UNINITIALIZED_AUTOS = YES_AGGRESSIVE;
				GCC_WARN_UNUSED_FUNCTION = YES;
				GCC_WARN_UNUSED_VARIABLE = YES;
				IPHONEOS_DEPLOYMENT_TARGET = 18.2;
				LOCALIZATION_PREFERS_STRING_CATALOGS = YES;
				MTL_ENABLE_DEBUG_INFO = INCLUDE_SOURCE;
				MTL_FAST_MATH = YES;
				ONLY_ACTIVE_ARCH = YES;
				SDKROOT = iphoneos;
				SWIFT_ACTIVE_COMPILATION_CONDITIONS = "DEBUG $(inherited)";
				SWIFT_OPTIMIZATION_LEVEL = "-Onone";
			};
			name = Debug;
		};
		2F8FA4872D8948430086DC0D /* Release */ = {
			isa = XCBuildConfiguration;
			buildSettings = {
				ALWAYS_SEARCH_USER_PATHS = NO;
				ASSETCATALOG_COMPILER_GENERATE_SWIFT_ASSET_SYMBOL_EXTENSIONS = YES;
				CLANG_ANALYZER_NONNULL = YES;
				CLANG_ANALYZER_NUMBER_OBJECT_CONVERSION = YES_AGGRESSIVE;
				CLANG_CXX_LANGUAGE_STANDARD = "gnu++20";
				CLANG_ENABLE_MODULES = YES;
				CLANG_ENABLE_OBJC_ARC = YES;
				CLANG_ENABLE_OBJC_WEAK = YES;
				CLANG_WARN_BLOCK_CAPTURE_AUTORELEASING = YES;
				CLANG_WARN_BOOL_CONVERSION = YES;
				CLANG_WARN_COMMA = YES;
				CLANG_WARN_CONSTANT_CONVERSION = YES;
				CLANG_WARN_DEPRECATED_OBJC_IMPLEMENTATIONS = YES;
				CLANG_WARN_DIRECT_OBJC_ISA_USAGE = YES_ERROR;
				CLANG_WARN_DOCUMENTATION_COMMENTS = YES;
				CLANG_WARN_EMPTY_BODY = YES;
				CLANG_WARN_ENUM_CONVERSION = YES;
				CLANG_WARN_INFINITE_RECURSION = YES;
				CLANG_WARN_INT_CONVERSION = YES;
				CLANG_WARN_NON_LITERAL_NULL_CONVERSION = YES;
				CLANG_WARN_OBJC_IMPLICIT_RETAIN_SELF = YES;
				CLANG_WARN_OBJC_LITERAL_CONVERSION = YES;
				CLANG_WARN_OBJC_ROOT_CLASS = YES_ERROR;
				CLANG_WARN_QUOTED_INCLUDE_IN_FRAMEWORK_HEADER = YES;
				CLANG_WARN_RANGE_LOOP_ANALYSIS = YES;
				CLANG_WARN_STRICT_PROTOTYPES = YES;
				CLANG_WARN_SUSPICIOUS_MOVE = YES;
				CLANG_WARN_UNGUARDED_AVAILABILITY = YES_AGGRESSIVE;
				CLANG_WARN_UNREACHABLE_CODE = YES;
				CLANG_WARN__DUPLICATE_METHOD_MATCH = YES;
				COPY_PHASE_STRIP = NO;
				DEBUG_INFORMATION_FORMAT = "dwarf-with-dsym";
				ENABLE_NS_ASSERTIONS = NO;
				ENABLE_STRICT_OBJC_MSGSEND = YES;
				ENABLE_USER_SCRIPT_SANDBOXING = YES;
				GCC_C_LANGUAGE_STANDARD = gnu17;
				GCC_NO_COMMON_BLOCKS = YES;
				GCC_WARN_64_TO_32_BIT_CONVERSION = YES;
				GCC_WARN_ABOUT_RETURN_TYPE = YES_ERROR;
				GCC_WARN_UNDECLARED_SELECTOR = YES;
				GCC_WARN_UNINITIALIZED_AUTOS = YES_AGGRESSIVE;
				GCC_WARN_UNUSED_FUNCTION = YES;
				GCC_WARN_UNUSED_VARIABLE = YES;
				IPHONEOS_DEPLOYMENT_TARGET = 18.2;
				LOCALIZATION_PREFERS_STRING_CATALOGS = YES;
				MTL_ENABLE_DEBUG_INFO = NO;
				MTL_FAST_MATH = YES;
				SDKROOT = iphoneos;
				SWIFT_COMPILATION_MODE = wholemodule;
				VALIDATE_PRODUCT = YES;
			};
			name = Release;
		};
		2F8FA4892D8948430086DC0D /* Debug */ = {
			isa = XCBuildConfiguration;
			buildSettings = {
				ASSETCATALOG_COMPILER_APPICON_NAME = AppIcon;
				ASSETCATALOG_COMPILER_GLOBAL_ACCENT_COLOR_NAME = AccentColor;
				CODE_SIGN_STYLE = Automatic;
				CURRENT_PROJECT_VERSION = 1;
				DEVELOPMENT_ASSET_PATHS = "\"RandomUser/Preview Content\"";
				DEVELOPMENT_TEAM = B873L7NK7X;
				ENABLE_PREVIEWS = YES;
				GENERATE_INFOPLIST_FILE = YES;
				INFOPLIST_KEY_UIApplicationSceneManifest_Generation = YES;
				INFOPLIST_KEY_UIApplicationSupportsIndirectInputEvents = YES;
				INFOPLIST_KEY_UILaunchScreen_Generation = YES;
				INFOPLIST_KEY_UISupportedInterfaceOrientations_iPad = "UIInterfaceOrientationPortrait UIInterfaceOrientationPortraitUpsideDown UIInterfaceOrientationLandscapeLeft UIInterfaceOrientationLandscapeRight";
				INFOPLIST_KEY_UISupportedInterfaceOrientations_iPhone = "UIInterfaceOrientationPortrait UIInterfaceOrientationLandscapeLeft UIInterfaceOrientationLandscapeRight";
				LD_RUNPATH_SEARCH_PATHS = (
					"$(inherited)",
					"@executable_path/Frameworks",
				);
				MARKETING_VERSION = 1.0;
				PRODUCT_BUNDLE_IDENTIFIER = com.randomuser.RandomUser;
				PRODUCT_NAME = "$(TARGET_NAME)";
				SWIFT_EMIT_LOC_STRINGS = YES;
				SWIFT_VERSION = 5.0;
				TARGETED_DEVICE_FAMILY = "1,2";
			};
			name = Debug;
		};
		2F8FA48A2D8948430086DC0D /* Release */ = {
			isa = XCBuildConfiguration;
			buildSettings = {
				ASSETCATALOG_COMPILER_APPICON_NAME = AppIcon;
				ASSETCATALOG_COMPILER_GLOBAL_ACCENT_COLOR_NAME = AccentColor;
				CODE_SIGN_STYLE = Automatic;
				CURRENT_PROJECT_VERSION = 1;
				DEVELOPMENT_ASSET_PATHS = "\"RandomUser/Preview Content\"";
				DEVELOPMENT_TEAM = B873L7NK7X;
				ENABLE_PREVIEWS = YES;
				GENERATE_INFOPLIST_FILE = YES;
				INFOPLIST_KEY_UIApplicationSceneManifest_Generation = YES;
				INFOPLIST_KEY_UIApplicationSupportsIndirectInputEvents = YES;
				INFOPLIST_KEY_UILaunchScreen_Generation = YES;
				INFOPLIST_KEY_UISupportedInterfaceOrientations_iPad = "UIInterfaceOrientationPortrait UIInterfaceOrientationPortraitUpsideDown UIInterfaceOrientationLandscapeLeft UIInterfaceOrientationLandscapeRight";
				INFOPLIST_KEY_UISupportedInterfaceOrientations_iPhone = "UIInterfaceOrientationPortrait UIInterfaceOrientationLandscapeLeft UIInterfaceOrientationLandscapeRight";
				LD_RUNPATH_SEARCH_PATHS = (
					"$(inherited)",
					"@executable_path/Frameworks",
				);
				MARKETING_VERSION = 1.0;
				PRODUCT_BUNDLE_IDENTIFIER = com.randomuser.RandomUser;
				PRODUCT_NAME = "$(TARGET_NAME)";
				SWIFT_EMIT_LOC_STRINGS = YES;
				SWIFT_VERSION = 5.0;
				TARGETED_DEVICE_FAMILY = "1,2";
			};
			name = Release;
		};
		2F8FA48C2D8948430086DC0D /* Debug */ = {
			isa = XCBuildConfiguration;
			buildSettings = {
				BUNDLE_LOADER = "$(TEST_HOST)";
				CODE_SIGN_STYLE = Automatic;
				CURRENT_PROJECT_VERSION = 1;
				DEVELOPMENT_TEAM = B873L7NK7X;
				GENERATE_INFOPLIST_FILE = YES;
				IPHONEOS_DEPLOYMENT_TARGET = 18.2;
				MARKETING_VERSION = 1.0;
				PRODUCT_BUNDLE_IDENTIFIER = com.randomuser.RandomUserTests;
				PRODUCT_NAME = "$(TARGET_NAME)";
				SWIFT_EMIT_LOC_STRINGS = NO;
				SWIFT_VERSION = 5.0;
				TARGETED_DEVICE_FAMILY = "1,2";
				TEST_HOST = "$(BUILT_PRODUCTS_DIR)/RandomUser.app/$(BUNDLE_EXECUTABLE_FOLDER_PATH)/RandomUser";
			};
			name = Debug;
		};
		2F8FA48D2D8948430086DC0D /* Release */ = {
			isa = XCBuildConfiguration;
			buildSettings = {
				BUNDLE_LOADER = "$(TEST_HOST)";
				CODE_SIGN_STYLE = Automatic;
				CURRENT_PROJECT_VERSION = 1;
				DEVELOPMENT_TEAM = B873L7NK7X;
				GENERATE_INFOPLIST_FILE = YES;
				IPHONEOS_DEPLOYMENT_TARGET = 18.2;
				MARKETING_VERSION = 1.0;
				PRODUCT_BUNDLE_IDENTIFIER = com.randomuser.RandomUserTests;
				PRODUCT_NAME = "$(TARGET_NAME)";
				SWIFT_EMIT_LOC_STRINGS = NO;
				SWIFT_VERSION = 5.0;
				TARGETED_DEVICE_FAMILY = "1,2";
				TEST_HOST = "$(BUILT_PRODUCTS_DIR)/RandomUser.app/$(BUNDLE_EXECUTABLE_FOLDER_PATH)/RandomUser";
			};
			name = Release;
		};
		2F8FA48F2D8948430086DC0D /* Debug */ = {
			isa = XCBuildConfiguration;
			buildSettings = {
				CODE_SIGN_STYLE = Automatic;
				CURRENT_PROJECT_VERSION = 1;
				DEVELOPMENT_TEAM = B873L7NK7X;
				GENERATE_INFOPLIST_FILE = YES;
				MARKETING_VERSION = 1.0;
				PRODUCT_BUNDLE_IDENTIFIER = com.randomuser.RandomUserUITests;
				PRODUCT_NAME = "$(TARGET_NAME)";
				SWIFT_EMIT_LOC_STRINGS = NO;
				SWIFT_VERSION = 5.0;
				TARGETED_DEVICE_FAMILY = "1,2";
				TEST_TARGET_NAME = RandomUser;
			};
			name = Debug;
		};
		2F8FA4902D8948430086DC0D /* Release */ = {
			isa = XCBuildConfiguration;
			buildSettings = {
				CODE_SIGN_STYLE = Automatic;
				CURRENT_PROJECT_VERSION = 1;
				DEVELOPMENT_TEAM = B873L7NK7X;
				GENERATE_INFOPLIST_FILE = YES;
				MARKETING_VERSION = 1.0;
				PRODUCT_BUNDLE_IDENTIFIER = com.randomuser.RandomUserUITests;
				PRODUCT_NAME = "$(TARGET_NAME)";
				SWIFT_EMIT_LOC_STRINGS = NO;
				SWIFT_VERSION = 5.0;
				TARGETED_DEVICE_FAMILY = "1,2";
				TEST_TARGET_NAME = RandomUser;
			};
			name = Release;
		};
/* End XCBuildConfiguration section */

/* Begin XCConfigurationList section */
		2F8FA45F2D8948420086DC0D /* Build configuration list for PBXProject "RandomUser" */ = {
			isa = XCConfigurationList;
			buildConfigurations = (
				2F8FA4862D8948430086DC0D /* Debug */,
				2F8FA4872D8948430086DC0D /* Release */,
			);
			defaultConfigurationIsVisible = 0;
			defaultConfigurationName = Release;
		};
		2F8FA4882D8948430086DC0D /* Build configuration list for PBXNativeTarget "RandomUser" */ = {
			isa = XCConfigurationList;
			buildConfigurations = (
				2F8FA4892D8948430086DC0D /* Debug */,
				2F8FA48A2D8948430086DC0D /* Release */,
			);
			defaultConfigurationIsVisible = 0;
			defaultConfigurationName = Release;
		};
		2F8FA48B2D8948430086DC0D /* Build configuration list for PBXNativeTarget "RandomUserTests" */ = {
			isa = XCConfigurationList;
			buildConfigurations = (
				2F8FA48C2D8948430086DC0D /* Debug */,
				2F8FA48D2D8948430086DC0D /* Release */,
			);
			defaultConfigurationIsVisible = 0;
			defaultConfigurationName = Release;
		};
		2F8FA48E2D8948430086DC0D /* Build configuration list for PBXNativeTarget "RandomUserUITests" */ = {
			isa = XCConfigurationList;
			buildConfigurations = (
				2F8FA48F2D8948430086DC0D /* Debug */,
				2F8FA4902D8948430086DC0D /* Release */,
			);
			defaultConfigurationIsVisible = 0;
			defaultConfigurationName = Release;
		};
/* End XCConfigurationList section */
	};
	rootObject = 2F8FA45C2D8948420086DC0D /* Project object */;
}
